
Microsoft Visual Studio Solution File, Format Version 12.00
# Visual Studio Version 16
VisualStudioVersion = 16.0.31424.327
MinimumVisualStudioVersion = 10.0.40219.1
Project("{9A19103F-16F7-4668-BE54-9A1E7A4F7556}") = "BlazorShop.Server", "BlazorShop\Server\BlazorShop.Server.csproj", "{C586329D-3944-446B-BBED-E091129F638C}"
EndProject
Project("{9A19103F-16F7-4668-BE54-9A1E7A4F7556}") = "BlazorShop.Client", "BlazorShop\Client\BlazorShop.Client.csproj", "{B17913E7-9FE2-4261-9B9F-71492A397828}"
EndProject
Project("{9A19103F-16F7-4668-BE54-9A1E7A4F7556}") = "BlazorShop.Shared", "BlazorShop\Shared\BlazorShop.Shared.csproj", "{C80047E6-9671-4720-9A7F-FBC8561D2131}"
EndProject
Global
	GlobalSection(SolutionConfigurationPlatforms) = preSolution
		Debug|Any CPU = Debug|Any CPU
		Release|Any CPU = Release|Any CPU
	EndGlobalSection
	GlobalSection(ProjectConfigurationPlatforms) = postSolution
		{C586329D-3944-446B-BBED-E091129F638C}.Debug|Any CPU.ActiveCfg = Debug|Any CPU
		{C586329D-3944-446B-BBED-E091129F638C}.Debug|Any CPU.Build.0 = Debug|Any CPU
		{C586329D-3944-446B-BBED-E091129F638C}.Release|Any CPU.ActiveCfg = Release|Any CPU
		{C586329D-3944-446B-BBED-E091129F638C}.Release|Any CPU.Build.0 = Release|Any CPU
		{B17913E7-9FE2-4261-9B9F-71492A397828}.Debug|Any CPU.ActiveCfg = Debug|Any CPU
		{B17913E7-9FE2-4261-9B9F-71492A397828}.Debug|Any CPU.Build.0 = Debug|Any CPU
		{B17913E7-9FE2-4261-9B9F-71492A397828}.Release|Any CPU.ActiveCfg = Release|Any CPU
		{B17913E7-9FE2-4261-9B9F-71492A397828}.Release|Any CPU.Build.0 = Release|Any CPU
		{C80047E6-9671-4720-9A7F-FBC8561D2131}.Debug|Any CPU.ActiveCfg = Debug|Any CPU
		{C80047E6-9671-4720-9A7F-FBC8561D2131}.Debug|Any CPU.Build.0 = Debug|Any CPU
		{C80047E6-9671-4720-9A7F-FBC8561D2131}.Release|Any CPU.ActiveCfg = Release|Any CPU
		{C80047E6-9671-4720-9A7F-FBC8561D2131}.Release|Any CPU.Build.0 = Release|Any CPU
	EndGlobalSection
	GlobalSection(SolutionProperties) = preSolution
		HideSolutionNode = FALSE
	EndGlobalSection
	GlobalSection(ExtensibilityGlobals) = postSolution
		SolutionGuid = {31B6ED72-4DCE-41F5-953C-506ABBA97034}
	EndGlobalSection
EndGlobal
